
Microsoft Visual Studio Solution File, Format Version 12.00
# Visual Studio Version 16
VisualStudioVersion = 16.0.29911.84
MinimumVisualStudioVersion = 10.0.40219.1
Project("{FAE04EC0-301F-11D3-BF4B-00C04F79EFBC}") = "Laboratorio 6", "Laboratorio 6\Laboratorio 6.csproj", "{032A47FC-3C14-43F3-8E32-685DDA2D2C98}"
EndProject
Global
	GlobalSection(SolutionConfigurationPlatforms) = preSolution
		Debug|Any CPU = Debug|Any CPU
		Release|Any CPU = Release|Any CPU
	EndGlobalSection
	GlobalSection(ProjectConfigurationPlatforms) = postSolution
		{032A47FC-3C14-43F3-8E32-685DDA2D2C98}.Debug|Any CPU.ActiveCfg = Debug|Any CPU
		{032A47FC-3C14-43F3-8E32-685DDA2D2C98}.Debug|Any CPU.Build.0 = Debug|Any CPU
		{032A47FC-3C14-43F3-8E32-685DDA2D2C98}.Release|Any CPU.ActiveCfg = Release|Any CPU
		{032A47FC-3C14-43F3-8E32-685DDA2D2C98}.Release|Any CPU.Build.0 = Release|Any CPU
	EndGlobalSection
	GlobalSection(SolutionProperties) = preSolution
		HideSolutionNode = FALSE
	EndGlobalSection
	GlobalSection(ExtensibilityGlobals) = postSolution
		SolutionGuid = {4E1A8BB0-A3A8-4AEE-966C-1EACEFC1F6F3}
	EndGlobalSection
EndGlobal
